// !$*UTF8*$!
{
	archiveVersion = 1;
	classes = {
	};
	objectVersion = 77;
	objects = {

/* Begin PBXBuildFile section */
		100000000000000000000001 /* ScribeApp.swift in Sources */ = {isa = PBXBuildFile; fileRef = 110000000000000000000001 /* ScribeApp.swift */; };
		100000000000000000000002 /* ContentView.swift in Sources */ = {isa = PBXBuildFile; fileRef = 110000000000000000000002 /* ContentView.swift */; };
		100000000000000000000003 /* AudioTypes.swift in Sources */ = {isa = PBXBuildFile; fileRef = 110000000000000000000003 /* AudioTypes.swift */; };
		100000000000000000000004 /* FloatRingBuffer.swift in Sources */ = {isa = PBXBuildFile; fileRef = 110000000000000000000004 /* FloatRingBuffer.swift */; };
		100000000000000000000005 /* AudioResampler.swift in Sources */ = {isa = PBXBuildFile; fileRef = 110000000000000000000005 /* AudioResampler.swift */; };
		100000000000000000000006 /* Float32WAVWriter.swift in Sources */ = {isa = PBXBuildFile; fileRef = 110000000000000000000006 /* Float32WAVWriter.swift */; };
		100000000000000000000007 /* CAudioRingBuffer.c in Sources */ = {isa = PBXBuildFile; fileRef = 110000000000000000000007 /* CAudioRingBuffer.c */; };
		100000000000000000000008 /* AudioCapture.framework in Frameworks */ = {isa = PBXBuildFile; fileRef = 11000000000000000000000C /* AudioCapture.framework */; };
		100000000000000000000009 /* AudioCapture.framework in Embed Frameworks */ = {isa = PBXBuildFile; fileRef = 11000000000000000000000C /* AudioCapture.framework */; settings = {ATTRIBUTES = (CodeSignOnCopy, RemoveHeadersOnCopy, ); }; };
		10000000000000000000000A /* MicrophonePermission.swift in Sources */ = {isa = PBXBuildFile; fileRef = 11000000000000000000000E /* MicrophonePermission.swift */; };
		10000000000000000000000B /* MicrophoneCaptureService.swift in Sources */ = {isa = PBXBuildFile; fileRef = 11000000000000000000000F /* MicrophoneCaptureService.swift */; };
		10000000000000000000000C /* MeetingRecorderViewModel.swift in Sources */ = {isa = PBXBuildFile; fileRef = 110000000000000000000010 /* MeetingRecorderViewModel.swift */; };
		10000000000000000000000D /* CanonicalAudioFileConsumer.swift in Sources */ = {isa = PBXBuildFile; fileRef = 110000000000000000000011 /* CanonicalAudioFileConsumer.swift */; };
		10000000000000000000000E /* CoreAudioSupport.swift in Sources */ = {isa = PBXBuildFile; fileRef = 110000000000000000000012 /* CoreAudioSupport.swift */; };
		10000000000000000000000F /* CoreAudioSystemTapGraph.swift in Sources */ = {isa = PBXBuildFile; fileRef = 110000000000000000000013 /* CoreAudioSystemTapGraph.swift */; };
		100000000000000000000010 /* SystemAudioCaptureService.swift in Sources */ = {isa = PBXBuildFile; fileRef = 110000000000000000000014 /* SystemAudioCaptureService.swift */; };
		100000000000000000000011 /* DualTrackRecordingCoordinator.swift in Sources */ = {isa = PBXBuildFile; fileRef = 110000000000000000000015 /* DualTrackRecordingCoordinator.swift */; };
		100000000000000000000012 /* SystemAudioPermission.swift in Sources */ = {isa = PBXBuildFile; fileRef = 110000000000000000000016 /* SystemAudioPermission.swift */; };
		100000000000000000000013 /* CaptureSessionManifest.swift in Sources */ = {isa = PBXBuildFile; fileRef = 110000000000000000000017 /* CaptureSessionManifest.swift */; };
		100000000000000000000014 /* SpeechTypes.swift in Sources */ = {isa = PBXBuildFile; fileRef = 110000000000000000000018 /* SpeechTypes.swift */; };
		100000000000000000000015 /* CanonicalWAVChunkReader.swift in Sources */ = {isa = PBXBuildFile; fileRef = 110000000000000000000019 /* CanonicalWAVChunkReader.swift */; };
		100000000000000000000016 /* BatchTranscriptionPipeline.swift in Sources */ = {isa = PBXBuildFile; fileRef = 11000000000000000000001A /* BatchTranscriptionPipeline.swift */; };
		100000000000000000000017 /* AudioCapture.framework in Frameworks */ = {isa = PBXBuildFile; fileRef = 11000000000000000000000C /* AudioCapture.framework */; };
		100000000000000000000018 /* SpeechPipeline.framework in Frameworks */ = {isa = PBXBuildFile; fileRef = 11000000000000000000001B /* SpeechPipeline.framework */; };
		100000000000000000000019 /* SpeechPipeline.framework in Embed Frameworks */ = {isa = PBXBuildFile; fileRef = 11000000000000000000001B /* SpeechPipeline.framework */; settings = {ATTRIBUTES = (CodeSignOnCopy, RemoveHeadersOnCopy, ); }; };
		10000000000000000000001A /* ParakeetTranscriptionEngine.swift in Sources */ = {isa = PBXBuildFile; fileRef = 11000000000000000000001C /* ParakeetTranscriptionEngine.swift */; };
		10000000000000000000001B /* FluidAudio in Frameworks */ = {isa = PBXBuildFile; productRef = 510000000000000000000001 /* FluidAudio */; };
		10000000000000000000001C /* CanonicalAudioBlock.swift in Sources */ = {isa = PBXBuildFile; fileRef = 11000000000000000000001D /* CanonicalAudioBlock.swift */; };
		10000000000000000000001D /* LiveAudioTransport.swift in Sources */ = {isa = PBXBuildFile; fileRef = 11000000000000000000001E /* LiveAudioTransport.swift */; };
		10000000000000000000001E /* SileroVoiceActivityDetector.swift in Sources */ = {isa = PBXBuildFile; fileRef = 11000000000000000000001F /* SileroVoiceActivityDetector.swift */; };
		10000000000000000000001F /* LiveSpeechPipeline.swift in Sources */ = {isa = PBXBuildFile; fileRef = 110000000000000000000020 /* LiveSpeechPipeline.swift */; };
		100000000000000000000020 /* TranscriptOverlapDeduplicator.swift in Sources */ = {isa = PBXBuildFile; fileRef = 110000000000000000000021 /* TranscriptOverlapDeduplicator.swift */; };
		100000000000000000000021 /* LiveTranscriptionPipeline.swift in Sources */ = {isa = PBXBuildFile; fileRef = 110000000000000000000022 /* LiveTranscriptionPipeline.swift */; };
		100000000000000000000022 /* LivePipelineStatusText.swift in Sources */ = {isa = PBXBuildFile; fileRef = 110000000000000000000023 /* LivePipelineStatusText.swift */; };
		100000000000000000000023 /* Int16WAVWriter.swift in Sources */ = {isa = PBXBuildFile; fileRef = 110000000000000000000024 /* Int16WAVWriter.swift */; };
		100000000000000000000024 /* RecordingDiskSpace.swift in Sources */ = {isa = PBXBuildFile; fileRef = 110000000000000000000025 /* RecordingDiskSpace.swift */; };
		100000000000000000000025 /* ModelDescriptor.swift in Sources */ = {isa = PBXBuildFile; fileRef = 110000000000000000000027 /* ModelDescriptor.swift */; };
		100000000000000000000026 /* ModelCatalogue.swift in Sources */ = {isa = PBXBuildFile; fileRef = 110000000000000000000028 /* ModelCatalogue.swift */; };
		100000000000000000000027 /* ModelManager.framework in Frameworks */ = {isa = PBXBuildFile; fileRef = 110000000000000000000026 /* ModelManager.framework */; };
		100000000000000000000028 /* ModelManager.framework in Frameworks */ = {isa = PBXBuildFile; fileRef = 110000000000000000000026 /* ModelManager.framework */; };
		100000000000000000000029 /* ModelManager.framework in Embed Frameworks */ = {isa = PBXBuildFile; fileRef = 110000000000000000000026 /* ModelManager.framework */; settings = {ATTRIBUTES = (CodeSignOnCopy, RemoveHeadersOnCopy, ); }; };
		10000000000000000000002A /* ModelStoragePaths.swift in Sources */ = {isa = PBXBuildFile; fileRef = 110000000000000000000029 /* ModelStoragePaths.swift */; };
		10000000000000000000002B /* ModelIntegrity.swift in Sources */ = {isa = PBXBuildFile; fileRef = 11000000000000000000002A /* ModelIntegrity.swift */; };
		10000000000000000000002C /* ModelDownloadController.swift in Sources */ = {isa = PBXBuildFile; fileRef = 11000000000000000000002B /* ModelDownloadController.swift */; };
		10000000000000000000002D /* ModelDiskAccounting.swift in Sources */ = {isa = PBXBuildFile; fileRef = 11000000000000000000002C /* ModelDiskAccounting.swift */; };
		10000000000000000000002E /* ModelResourceSafety.swift in Sources */ = {isa = PBXBuildFile; fileRef = 11000000000000000000002D /* ModelResourceSafety.swift */; };
		10000000000000000000002F /* ManagedModelRegistry.swift in Sources */ = {isa = PBXBuildFile; fileRef = 11000000000000000000002E /* ManagedModelRegistry.swift */; };
		100000000000000000000030 /* HuggingFaceIntegrityManifestResolver.swift in Sources */ = {isa = PBXBuildFile; fileRef = 11000000000000000000002F /* HuggingFaceIntegrityManifestResolver.swift */; };
		100000000000000000000031 /* FluidAudioModelManager.swift in Sources */ = {isa = PBXBuildFile; fileRef = 110000000000000000000030 /* FluidAudioModelManager.swift */; };
		100000000000000000000032 /* WhisperKit in Frameworks */ = {isa = PBXBuildFile; productRef = 510000000000000000000002 /* WhisperKit */; };
		100000000000000000000033 /* WhisperKitDependencyContract.swift in Sources */ = {isa = PBXBuildFile; fileRef = 110000000000000000000031 /* WhisperKitDependencyContract.swift */; };
		100000000000000000000034 /* WhisperModel.swift in Sources */ = {isa = PBXBuildFile; fileRef = 110000000000000000000032 /* WhisperModel.swift */; };
		100000000000000000000035 /* WhisperKitModelManager.swift in Sources */ = {isa = PBXBuildFile; fileRef = 110000000000000000000033 /* WhisperKitModelManager.swift */; };
		100000000000000000000036 /* WhisperKitTranscriptionEngine.swift in Sources */ = {isa = PBXBuildFile; fileRef = 110000000000000000000034 /* WhisperKitTranscriptionEngine.swift */; };
		100000000000000000000037 /* ResidentTranscriptionEngineCoordinator.swift in Sources */ = {isa = PBXBuildFile; fileRef = 110000000000000000000035 /* ResidentTranscriptionEngineCoordinator.swift */; };
		100000000000000000000038 /* FirstSampleHostTime.swift in Sources */ = {isa = PBXBuildFile; fileRef = 110000000000000000000036 /* FirstSampleHostTime.swift */; };
		100000000000000000000039 /* SessionLibraryLocation.swift in Sources */ = {isa = PBXBuildFile; fileRef = 110000000000000000000037 /* SessionLibraryLocation.swift */; };
		10000000000000000000003A /* SessionFolderManager.swift in Sources */ = {isa = PBXBuildFile; fileRef = 110000000000000000000038 /* SessionFolderManager.swift */; };
		10000000000000000000003B /* SessionArtifactPolicy.swift in Sources */ = {isa = PBXBuildFile; fileRef = 110000000000000000000039 /* SessionArtifactPolicy.swift */; };
		10000000000000000000003C /* SessionIndex.swift in Sources */ = {isa = PBXBuildFile; fileRef = 11000000000000000000003A /* SessionIndex.swift */; };
		10000000000000000000003D /* SessionReconciler.swift in Sources */ = {isa = PBXBuildFile; fileRef = 11000000000000000000003B /* SessionReconciler.swift */; };
		10000000000000000000003E /* TranscriptArtifactWriter.swift in Sources */ = {isa = PBXBuildFile; fileRef = 11000000000000000000003C /* TranscriptArtifactWriter.swift */; };
		10000000000000000000003F /* LegacySessionMigrator.swift in Sources */ = {isa = PBXBuildFile; fileRef = 11000000000000000000003D /* LegacySessionMigrator.swift */; };
		100000000000000000000040 /* SessionLibraryMonitor.swift in Sources */ = {isa = PBXBuildFile; fileRef = 11000000000000000000003E /* SessionLibraryMonitor.swift */; };
		100000000000000000000041 /* GRDB in Frameworks */ = {isa = PBXBuildFile; productRef = 510000000000000000000003 /* GRDB */; };
/* End PBXBuildFile section */

/* Begin PBXContainerItemProxy section */
		120000000000000000000001 /* PBXContainerItemProxy */ = {
			isa = PBXContainerItemProxy;
			containerPortal = 300000000000000000000001 /* Project object */;
			proxyType = 1;
			remoteGlobalIDString = 200000000000000000000001;
			remoteInfo = AudioCapture;
		};
		120000000000000000000002 /* PBXContainerItemProxy */ = {
			isa = PBXContainerItemProxy;
			containerPortal = 300000000000000000000001 /* Project object */;
			proxyType = 1;
			remoteGlobalIDString = 200000000000000000000001;
			remoteInfo = AudioCapture;
		};
		120000000000000000000003 /* PBXContainerItemProxy */ = {
			isa = PBXContainerItemProxy;
			containerPortal = 300000000000000000000001 /* Project object */;
			proxyType = 1;
			remoteGlobalIDString = 200000000000000000000003;
			remoteInfo = SpeechPipeline;
		};
		120000000000000000000004 /* PBXContainerItemProxy */ = {
			isa = PBXContainerItemProxy;
			containerPortal = 300000000000000000000001 /* Project object */;
			proxyType = 1;
			remoteGlobalIDString = 200000000000000000000004;
			remoteInfo = ModelManager;
		};
		120000000000000000000005 /* PBXContainerItemProxy */ = {
			isa = PBXContainerItemProxy;
			containerPortal = 300000000000000000000001 /* Project object */;
			proxyType = 1;
			remoteGlobalIDString = 200000000000000000000004;
			remoteInfo = ModelManager;
		};
/* End PBXContainerItemProxy section */

/* Begin PBXCopyFilesBuildPhase section */
		130000000000000000000001 /* Embed Frameworks */ = {
			isa = PBXCopyFilesBuildPhase;
			buildActionMask = 2147483647;
			dstPath = "";
			dstSubfolderSpec = 10;
			files = (
				100000000000000000000009 /* AudioCapture.framework in Embed Frameworks */,
				100000000000000000000029 /* ModelManager.framework in Embed Frameworks */,
				100000000000000000000019 /* SpeechPipeline.framework in Embed Frameworks */,
			);
			name = "Embed Frameworks";
			runOnlyForDeploymentPostprocessing = 0;
		};
/* End PBXCopyFilesBuildPhase section */

/* Begin PBXFileReference section */
		110000000000000000000001 /* ScribeApp.swift */ = {isa = PBXFileReference; lastKnownFileType = sourcecode.swift; path = ScribeApp.swift; sourceTree = "<group>"; };
		110000000000000000000002 /* ContentView.swift */ = {isa = PBXFileReference; lastKnownFileType = sourcecode.swift; path = ContentView.swift; sourceTree = "<group>"; };
		110000000000000000000003 /* AudioTypes.swift */ = {isa = PBXFileReference; lastKnownFileType = sourcecode.swift; path = AudioTypes.swift; sourceTree = "<group>"; };
		110000000000000000000004 /* FloatRingBuffer.swift */ = {isa = PBXFileReference; lastKnownFileType = sourcecode.swift; path = FloatRingBuffer.swift; sourceTree = "<group>"; };
		110000000000000000000005 /* AudioResampler.swift */ = {isa = PBXFileReference; lastKnownFileType = sourcecode.swift; path = AudioResampler.swift; sourceTree = "<group>"; };
		110000000000000000000006 /* Float32WAVWriter.swift */ = {isa = PBXFileReference; lastKnownFileType = sourcecode.swift; path = Float32WAVWriter.swift; sourceTree = "<group>"; };
		110000000000000000000007 /* CAudioRingBuffer.c */ = {isa = PBXFileReference; lastKnownFileType = sourcecode.c.c; path = CAudioRingBuffer.c; sourceTree = "<group>"; };
		110000000000000000000008 /* CAudioRingBuffer.h */ = {isa = PBXFileReference; lastKnownFileType = sourcecode.c.h; path = CAudioRingBuffer.h; sourceTree = "<group>"; };
		110000000000000000000009 /* AudioCapture-Bridging-Header.h */ = {isa = PBXFileReference; lastKnownFileType = sourcecode.c.h; path = "AudioCapture-Bridging-Header.h"; sourceTree = "<group>"; };
		11000000000000000000000A /* Info.plist */ = {isa = PBXFileReference; lastKnownFileType = text.plist.xml; path = Info.plist; sourceTree = "<group>"; };
		11000000000000000000000B /* Scribe.entitlements */ = {isa = PBXFileReference; lastKnownFileType = text.plist.entitlements; path = Scribe.entitlements; sourceTree = "<group>"; };
		11000000000000000000000C /* AudioCapture.framework */ = {isa = PBXFileReference; explicitFileType = wrapper.framework; includeInIndex = 0; path = AudioCapture.framework; sourceTree = BUILT_PRODUCTS_DIR; };
		11000000000000000000000D /* Scribe.app */ = {isa = PBXFileReference; explicitFileType = wrapper.application; includeInIndex = 0; path = Scribe.app; sourceTree = BUILT_PRODUCTS_DIR; };
		11000000000000000000000E /* MicrophonePermission.swift */ = {isa = PBXFileReference; lastKnownFileType = sourcecode.swift; path = MicrophonePermission.swift; sourceTree = "<group>"; };
		11000000000000000000000F /* MicrophoneCaptureService.swift */ = {isa = PBXFileReference; lastKnownFileType = sourcecode.swift; path = MicrophoneCaptureService.swift; sourceTree = "<group>"; };
		110000000000000000000010 /* MeetingRecorderViewModel.swift */ = {isa = PBXFileReference; lastKnownFileType = sourcecode.swift; path = MeetingRecorderViewModel.swift; sourceTree = "<group>"; };
		110000000000000000000011 /* CanonicalAudioFileConsumer.swift */ = {isa = PBXFileReference; lastKnownFileType = sourcecode.swift; path = CanonicalAudioFileConsumer.swift; sourceTree = "<group>"; };
		110000000000000000000012 /* CoreAudioSupport.swift */ = {isa = PBXFileReference; lastKnownFileType = sourcecode.swift; path = CoreAudioSupport.swift; sourceTree = "<group>"; };
		110000000000000000000013 /* CoreAudioSystemTapGraph.swift */ = {isa = PBXFileReference; lastKnownFileType = sourcecode.swift; path = CoreAudioSystemTapGraph.swift; sourceTree = "<group>"; };
		110000000000000000000014 /* SystemAudioCaptureService.swift */ = {isa = PBXFileReference; lastKnownFileType = sourcecode.swift; path = SystemAudioCaptureService.swift; sourceTree = "<group>"; };
		110000000000000000000015 /* DualTrackRecordingCoordinator.swift */ = {isa = PBXFileReference; lastKnownFileType = sourcecode.swift; path = DualTrackRecordingCoordinator.swift; sourceTree = "<group>"; };
		110000000000000000000016 /* SystemAudioPermission.swift */ = {isa = PBXFileReference; lastKnownFileType = sourcecode.swift; path = SystemAudioPermission.swift; sourceTree = "<group>"; };
		110000000000000000000017 /* CaptureSessionManifest.swift */ = {isa = PBXFileReference; lastKnownFileType = sourcecode.swift; path = CaptureSessionManifest.swift; sourceTree = "<group>"; };
		110000000000000000000018 /* SpeechTypes.swift */ = {isa = PBXFileReference; lastKnownFileType = sourcecode.swift; path = SpeechTypes.swift; sourceTree = "<group>"; };
		110000000000000000000019 /* CanonicalWAVChunkReader.swift */ = {isa = PBXFileReference; lastKnownFileType = sourcecode.swift; path = CanonicalWAVChunkReader.swift; sourceTree = "<group>"; };
		11000000000000000000001A /* BatchTranscriptionPipeline.swift */ = {isa = PBXFileReference; lastKnownFileType = sourcecode.swift; path = BatchTranscriptionPipeline.swift; sourceTree = "<group>"; };
		11000000000000000000001B /* SpeechPipeline.framework */ = {isa = PBXFileReference; explicitFileType = wrapper.framework; includeInIndex = 0; path = SpeechPipeline.framework; sourceTree = BUILT_PRODUCTS_DIR; };
		11000000000000000000001C /* ParakeetTranscriptionEngine.swift */ = {isa = PBXFileReference; lastKnownFileType = sourcecode.swift; path = ParakeetTranscriptionEngine.swift; sourceTree = "<group>"; };
		11000000000000000000001D /* CanonicalAudioBlock.swift */ = {isa = PBXFileReference; lastKnownFileType = sourcecode.swift; path = CanonicalAudioBlock.swift; sourceTree = "<group>"; };
		11000000000000000000001E /* LiveAudioTransport.swift */ = {isa = PBXFileReference; lastKnownFileType = sourcecode.swift; path = LiveAudioTransport.swift; sourceTree = "<group>"; };
		11000000000000000000001F /* SileroVoiceActivityDetector.swift */ = {isa = PBXFileReference; lastKnownFileType = sourcecode.swift; path = SileroVoiceActivityDetector.swift; sourceTree = "<group>"; };
		110000000000000000000020 /* LiveSpeechPipeline.swift */ = {isa = PBXFileReference; lastKnownFileType = sourcecode.swift; path = LiveSpeechPipeline.swift; sourceTree = "<group>"; };
		110000000000000000000021 /* TranscriptOverlapDeduplicator.swift */ = {isa = PBXFileReference; lastKnownFileType = sourcecode.swift; path = TranscriptOverlapDeduplicator.swift; sourceTree = "<group>"; };
		110000000000000000000022 /* LiveTranscriptionPipeline.swift */ = {isa = PBXFileReference; lastKnownFileType = sourcecode.swift; path = LiveTranscriptionPipeline.swift; sourceTree = "<group>"; };
		110000000000000000000023 /* LivePipelineStatusText.swift */ = {isa = PBXFileReference; lastKnownFileType = sourcecode.swift; path = LivePipelineStatusText.swift; sourceTree = "<group>"; };
		110000000000000000000024 /* Int16WAVWriter.swift */ = {isa = PBXFileReference; lastKnownFileType = sourcecode.swift; path = Int16WAVWriter.swift; sourceTree = "<group>"; };
		110000000000000000000025 /* RecordingDiskSpace.swift */ = {isa = PBXFileReference; lastKnownFileType = sourcecode.swift; path = RecordingDiskSpace.swift; sourceTree = "<group>"; };
		110000000000000000000026 /* ModelManager.framework */ = {isa = PBXFileReference; explicitFileType = wrapper.framework; includeInIndex = 0; path = ModelManager.framework; sourceTree = BUILT_PRODUCTS_DIR; };
		110000000000000000000027 /* ModelDescriptor.swift */ = {isa = PBXFileReference; lastKnownFileType = sourcecode.swift; path = ModelDescriptor.swift; sourceTree = "<group>"; };
		110000000000000000000028 /* ModelCatalogue.swift */ = {isa = PBXFileReference; lastKnownFileType = sourcecode.swift; path = ModelCatalogue.swift; sourceTree = "<group>"; };
		110000000000000000000029 /* ModelStoragePaths.swift */ = {isa = PBXFileReference; lastKnownFileType = sourcecode.swift; path = ModelStoragePaths.swift; sourceTree = "<group>"; };
		11000000000000000000002A /* ModelIntegrity.swift */ = {isa = PBXFileReference; lastKnownFileType = sourcecode.swift; path = ModelIntegrity.swift; sourceTree = "<group>"; };
		11000000000000000000002B /* ModelDownloadController.swift */ = {isa = PBXFileReference; lastKnownFileType = sourcecode.swift; path = ModelDownloadController.swift; sourceTree = "<group>"; };
		11000000000000000000002C /* ModelDiskAccounting.swift */ = {isa = PBXFileReference; lastKnownFileType = sourcecode.swift; path = ModelDiskAccounting.swift; sourceTree = "<group>"; };
		11000000000000000000002D /* ModelResourceSafety.swift */ = {isa = PBXFileReference; lastKnownFileType = sourcecode.swift; path = ModelResourceSafety.swift; sourceTree = "<group>"; };
		11000000000000000000002E /* ManagedModelRegistry.swift */ = {isa = PBXFileReference; lastKnownFileType = sourcecode.swift; path = ManagedModelRegistry.swift; sourceTree = "<group>"; };
		11000000000000000000002F /* HuggingFaceIntegrityManifestResolver.swift */ = {isa = PBXFileReference; lastKnownFileType = sourcecode.swift; path = HuggingFaceIntegrityManifestResolver.swift; sourceTree = "<group>"; };
		110000000000000000000030 /* FluidAudioModelManager.swift */ = {isa = PBXFileReference; lastKnownFileType = sourcecode.swift; path = FluidAudioModelManager.swift; sourceTree = "<group>"; };
		110000000000000000000031 /* WhisperKitDependencyContract.swift */ = {isa = PBXFileReference; lastKnownFileType = sourcecode.swift; path = WhisperKitDependencyContract.swift; sourceTree = "<group>"; };
		110000000000000000000032 /* WhisperModel.swift */ = {isa = PBXFileReference; lastKnownFileType = sourcecode.swift; path = WhisperModel.swift; sourceTree = "<group>"; };
		110000000000000000000033 /* WhisperKitModelManager.swift */ = {isa = PBXFileReference; lastKnownFileType = sourcecode.swift; path = WhisperKitModelManager.swift; sourceTree = "<group>"; };
		110000000000000000000034 /* WhisperKitTranscriptionEngine.swift */ = {isa = PBXFileReference; lastKnownFileType = sourcecode.swift; path = WhisperKitTranscriptionEngine.swift; sourceTree = "<group>"; };
		110000000000000000000035 /* ResidentTranscriptionEngineCoordinator.swift */ = {isa = PBXFileReference; lastKnownFileType = sourcecode.swift; path = ResidentTranscriptionEngineCoordinator.swift; sourceTree = "<group>"; };
		110000000000000000000036 /* FirstSampleHostTime.swift */ = {isa = PBXFileReference; lastKnownFileType = sourcecode.swift; path = FirstSampleHostTime.swift; sourceTree = "<group>"; };
		110000000000000000000037 /* SessionLibraryLocation.swift */ = {isa = PBXFileReference; lastKnownFileType = sourcecode.swift; path = SessionLibraryLocation.swift; sourceTree = "<group>"; };
		110000000000000000000038 /* SessionFolderManager.swift */ = {isa = PBXFileReference; lastKnownFileType = sourcecode.swift; path = SessionFolderManager.swift; sourceTree = "<group>"; };
		110000000000000000000039 /* SessionArtifactPolicy.swift */ = {isa = PBXFileReference; lastKnownFileType = sourcecode.swift; path = SessionArtifactPolicy.swift; sourceTree = "<group>"; };
		11000000000000000000003A /* SessionIndex.swift */ = {isa = PBXFileReference; lastKnownFileType = sourcecode.swift; path = SessionIndex.swift; sourceTree = "<group>"; };
		11000000000000000000003B /* SessionReconciler.swift */ = {isa = PBXFileReference; lastKnownFileType = sourcecode.swift; path = SessionReconciler.swift; sourceTree = "<group>"; };
		11000000000000000000003C /* TranscriptArtifactWriter.swift */ = {isa = PBXFileReference; lastKnownFileType = sourcecode.swift; path = TranscriptArtifactWriter.swift; sourceTree = "<group>"; };
		11000000000000000000003D /* LegacySessionMigrator.swift */ = {isa = PBXFileReference; lastKnownFileType = sourcecode.swift; path = LegacySessionMigrator.swift; sourceTree = "<group>"; };
		11000000000000000000003E /* SessionLibraryMonitor.swift */ = {isa = PBXFileReference; lastKnownFileType = sourcecode.swift; path = SessionLibraryMonitor.swift; sourceTree = "<group>"; };
/* End PBXFileReference section */

/* Begin PBXFrameworksBuildPhase section */
		140000000000000000000001 /* Frameworks */ = {
			isa = PBXFrameworksBuildPhase;
			buildActionMask = 2147483647;
			files = (
			);
			runOnlyForDeploymentPostprocessing = 0;
		};
		140000000000000000000002 /* Frameworks */ = {
			isa = PBXFrameworksBuildPhase;
			buildActionMask = 2147483647;
			files = (
				100000000000000000000041 /* GRDB in Frameworks */,
				100000000000000000000008 /* AudioCapture.framework in Frameworks */,
				100000000000000000000028 /* ModelManager.framework in Frameworks */,
				100000000000000000000018 /* SpeechPipeline.framework in Frameworks */,
			);
			runOnlyForDeploymentPostprocessing = 0;
		};
		140000000000000000000003 /* Frameworks */ = {
			isa = PBXFrameworksBuildPhase;
			buildActionMask = 2147483647;
			files = (
				100000000000000000000017 /* AudioCapture.framework in Frameworks */,
				100000000000000000000027 /* ModelManager.framework in Frameworks */,
				10000000000000000000001B /* FluidAudio in Frameworks */,
				100000000000000000000032 /* WhisperKit in Frameworks */,
			);
			runOnlyForDeploymentPostprocessing = 0;
		};
		140000000000000000000004 /* Frameworks */ = {
			isa = PBXFrameworksBuildPhase;
			buildActionMask = 2147483647;
			files = (
			);
			runOnlyForDeploymentPostprocessing = 0;
		};
/* End PBXFrameworksBuildPhase section */

/* Begin PBXGroup section */
		150000000000000000000001 = {
			isa = PBXGroup;
			children = (
				150000000000000000000002 /* ScribeApp */,
				150000000000000000000003 /* Sources */,
				150000000000000000000007 /* Products */,
			);
			sourceTree = "<group>";
		};
		150000000000000000000002 /* ScribeApp */ = {
			isa = PBXGroup;
			children = (
				110000000000000000000001 /* ScribeApp.swift */,
				110000000000000000000002 /* ContentView.swift */,
				110000000000000000000010 /* MeetingRecorderViewModel.swift */,
				11000000000000000000000A /* Info.plist */,
				11000000000000000000000B /* Scribe.entitlements */,
			);
			path = ScribeApp;
			sourceTree = "<group>";
		};
		150000000000000000000003 /* Sources */ = {
			isa = PBXGroup;
			children = (
				150000000000000000000004 /* AudioCapture */,
				150000000000000000000009 /* ModelManager */,
				150000000000000000000008 /* SpeechPipeline */,
				15000000000000000000000A /* SessionStore */,
				150000000000000000000005 /* CAudioRingBuffer */,
			);
			path = Sources;
			sourceTree = "<group>";
		};
		150000000000000000000004 /* AudioCapture */ = {
			isa = PBXGroup;
			children = (
				110000000000000000000003 /* AudioTypes.swift */,
				110000000000000000000036 /* FirstSampleHostTime.swift */,
				11000000000000000000001D /* CanonicalAudioBlock.swift */,
				110000000000000000000017 /* CaptureSessionManifest.swift */,
				110000000000000000000004 /* FloatRingBuffer.swift */,
				110000000000000000000005 /* AudioResampler.swift */,
				110000000000000000000006 /* Float32WAVWriter.swift */,
				110000000000000000000024 /* Int16WAVWriter.swift */,
				110000000000000000000025 /* RecordingDiskSpace.swift */,
				110000000000000000000011 /* CanonicalAudioFileConsumer.swift */,
				110000000000000000000012 /* CoreAudioSupport.swift */,
				110000000000000000000013 /* CoreAudioSystemTapGraph.swift */,
				11000000000000000000000E /* MicrophonePermission.swift */,
				110000000000000000000016 /* SystemAudioPermission.swift */,
				11000000000000000000000F /* MicrophoneCaptureService.swift */,
				110000000000000000000014 /* SystemAudioCaptureService.swift */,
				110000000000000000000015 /* DualTrackRecordingCoordinator.swift */,
				110000000000000000000009 /* AudioCapture-Bridging-Header.h */,
			);
			path = AudioCapture;
			sourceTree = "<group>";
		};
		150000000000000000000005 /* CAudioRingBuffer */ = {
			isa = PBXGroup;
			children = (
				110000000000000000000007 /* CAudioRingBuffer.c */,
				150000000000000000000006 /* include */,
			);
			path = CAudioRingBuffer;
			sourceTree = "<group>";
		};
		150000000000000000000006 /* include */ = {
			isa = PBXGroup;
			children = (
				110000000000000000000008 /* CAudioRingBuffer.h */,
			);
			path = include;
			sourceTree = "<group>";
		};
		150000000000000000000007 /* Products */ = {
			isa = PBXGroup;
			children = (
				11000000000000000000000C /* AudioCapture.framework */,
				110000000000000000000026 /* ModelManager.framework */,
				11000000000000000000001B /* SpeechPipeline.framework */,
				11000000000000000000000D /* Scribe.app */,
			);
			name = Products;
			sourceTree = "<group>";
		};
		150000000000000000000008 /* SpeechPipeline */ = {
			isa = PBXGroup;
			children = (
				110000000000000000000018 /* SpeechTypes.swift */,
				110000000000000000000019 /* CanonicalWAVChunkReader.swift */,
				11000000000000000000001A /* BatchTranscriptionPipeline.swift */,
				110000000000000000000030 /* FluidAudioModelManager.swift */,
				11000000000000000000002F /* HuggingFaceIntegrityManifestResolver.swift */,
				110000000000000000000031 /* WhisperKitDependencyContract.swift */,
				110000000000000000000032 /* WhisperModel.swift */,
				110000000000000000000033 /* WhisperKitModelManager.swift */,
				110000000000000000000034 /* WhisperKitTranscriptionEngine.swift */,
				110000000000000000000035 /* ResidentTranscriptionEngineCoordinator.swift */,
				11000000000000000000001C /* ParakeetTranscriptionEngine.swift */,
				11000000000000000000001E /* LiveAudioTransport.swift */,
				11000000000000000000001F /* SileroVoiceActivityDetector.swift */,
				110000000000000000000020 /* LiveSpeechPipeline.swift */,
				110000000000000000000021 /* TranscriptOverlapDeduplicator.swift */,
				110000000000000000000022 /* LiveTranscriptionPipeline.swift */,
				110000000000000000000023 /* LivePipelineStatusText.swift */,
			);
			path = SpeechPipeline;
			sourceTree = "<group>";
		};
		150000000000000000000009 /* ModelManager */ = {
			isa = PBXGroup;
			children = (
				110000000000000000000027 /* ModelDescriptor.swift */,
				110000000000000000000028 /* ModelCatalogue.swift */,
				110000000000000000000029 /* ModelStoragePaths.swift */,
				11000000000000000000002A /* ModelIntegrity.swift */,
				11000000000000000000002B /* ModelDownloadController.swift */,
				11000000000000000000002C /* ModelDiskAccounting.swift */,
				11000000000000000000002D /* ModelResourceSafety.swift */,
				11000000000000000000002E /* ManagedModelRegistry.swift */,
			);
			path = ModelManager;
			sourceTree = "<group>";
		};
		15000000000000000000000A /* SessionStore */ = {
			isa = PBXGroup;
			children = (
				110000000000000000000037 /* SessionLibraryLocation.swift */,
				110000000000000000000038 /* SessionFolderManager.swift */,
				110000000000000000000039 /* SessionArtifactPolicy.swift */,
				11000000000000000000003A /* SessionIndex.swift */,
				11000000000000000000003B /* SessionReconciler.swift */,
				11000000000000000000003C /* TranscriptArtifactWriter.swift */,
				11000000000000000000003D /* LegacySessionMigrator.swift */,
				11000000000000000000003E /* SessionLibraryMonitor.swift */,
			);
			path = SessionStore;
			sourceTree = "<group>";
		};
/* End PBXGroup section */

/* Begin PBXNativeTarget section */
		200000000000000000000001 /* AudioCapture */ = {
			isa = PBXNativeTarget;
			buildConfigurationList = 210000000000000000000002 /* Build configuration list for PBXNativeTarget "AudioCapture" */;
			buildPhases = (
				220000000000000000000001 /* Sources */,
				140000000000000000000001 /* Frameworks */,
			);
			buildRules = (
			);
			dependencies = (
			);
			name = AudioCapture;
			productName = AudioCapture;
			productReference = 11000000000000000000000C /* AudioCapture.framework */;
			productType = "com.apple.product-type.framework";
		};
		200000000000000000000002 /* Scribe */ = {
			isa = PBXNativeTarget;
			buildConfigurationList = 210000000000000000000003 /* Build configuration list for PBXNativeTarget "Scribe" */;
			buildPhases = (
				220000000000000000000002 /* Sources */,
				140000000000000000000002 /* Frameworks */,
				130000000000000000000001 /* Embed Frameworks */,
			);
			buildRules = (
			);
			dependencies = (
				230000000000000000000001 /* PBXTargetDependency */,
				230000000000000000000003 /* PBXTargetDependency */,
				230000000000000000000005 /* PBXTargetDependency */,
			);
			name = Scribe;
			packageProductDependencies = (
				510000000000000000000003 /* GRDB */,
			);
			productName = Scribe;
			productReference = 11000000000000000000000D /* Scribe.app */;
			productType = "com.apple.product-type.application";
		};
		200000000000000000000003 /* SpeechPipeline */ = {
			isa = PBXNativeTarget;
			buildConfigurationList = 210000000000000000000004 /* Build configuration list for PBXNativeTarget "SpeechPipeline" */;
			buildPhases = (
				220000000000000000000003 /* Sources */,
				140000000000000000000003 /* Frameworks */,
			);
			buildRules = (
			);
			dependencies = (
				230000000000000000000002 /* PBXTargetDependency */,
				230000000000000000000004 /* PBXTargetDependency */,
			);
			name = SpeechPipeline;
			packageProductDependencies = (
				510000000000000000000001 /* FluidAudio */,
				510000000000000000000002 /* WhisperKit */,
			);
			productName = SpeechPipeline;
			productReference = 11000000000000000000001B /* SpeechPipeline.framework */;
			productType = "com.apple.product-type.framework";
		};
		200000000000000000000004 /* ModelManager */ = {
			isa = PBXNativeTarget;
			buildConfigurationList = 210000000000000000000005 /* Build configuration list for PBXNativeTarget "ModelManager" */;
			buildPhases = (
				220000000000000000000004 /* Sources */,
				140000000000000000000004 /* Frameworks */,
			);
			buildRules = (
			);
			dependencies = (
			);
			name = ModelManager;
			productName = ModelManager;
			productReference = 110000000000000000000026 /* ModelManager.framework */;
			productType = "com.apple.product-type.framework";
		};
/* End PBXNativeTarget section */

/* Begin PBXProject section */
		300000000000000000000001 /* Project object */ = {
			isa = PBXProject;
			attributes = {
				BuildIndependentTargetsInParallel = 1;
				LastSwiftUpdateCheck = 2660;
				LastUpgradeCheck = 2660;
				TargetAttributes = {
					200000000000000000000001 = {
						CreatedOnToolsVersion = 26.6;
					};
					200000000000000000000002 = {
						CreatedOnToolsVersion = 26.6;
					};
					200000000000000000000004 = {
						CreatedOnToolsVersion = 26.6;
					};
				};
			};
			buildConfigurationList = 210000000000000000000001 /* Build configuration list for PBXProject "Scribe" */;
			compatibilityVersion = "Xcode 16.0";
			developmentRegion = en;
			hasScannedForEncodings = 0;
			knownRegions = (
				en,
				Base,
			);
			mainGroup = 150000000000000000000001;
			minimizedProjectReferenceProxies = 1;
			preferredProjectObjectVersion = 77;
			productRefGroup = 150000000000000000000007 /* Products */;
			packageReferences = (
				500000000000000000000001 /* XCRemoteSwiftPackageReference "FluidAudio" */,
				500000000000000000000002 /* XCRemoteSwiftPackageReference "argmax-oss-swift" */,
				500000000000000000000003 /* XCRemoteSwiftPackageReference "GRDB.swift" */,
			);
			projectDirPath = "";
			projectRoot = "";
			targets = (
				200000000000000000000001 /* AudioCapture */,
				200000000000000000000004 /* ModelManager */,
				200000000000000000000003 /* SpeechPipeline */,
				200000000000000000000002 /* Scribe */,
			);
		};
/* End PBXProject section */

/* Begin PBXSourcesBuildPhase section */
		220000000000000000000001 /* Sources */ = {
			isa = PBXSourcesBuildPhase;
			buildActionMask = 2147483647;
			files = (
				100000000000000000000003 /* AudioTypes.swift in Sources */,
				100000000000000000000038 /* FirstSampleHostTime.swift in Sources */,
				10000000000000000000001C /* CanonicalAudioBlock.swift in Sources */,
				100000000000000000000013 /* CaptureSessionManifest.swift in Sources */,
				100000000000000000000004 /* FloatRingBuffer.swift in Sources */,
				100000000000000000000005 /* AudioResampler.swift in Sources */,
				100000000000000000000006 /* Float32WAVWriter.swift in Sources */,
				100000000000000000000023 /* Int16WAVWriter.swift in Sources */,
				100000000000000000000024 /* RecordingDiskSpace.swift in Sources */,
				10000000000000000000000D /* CanonicalAudioFileConsumer.swift in Sources */,
				10000000000000000000000E /* CoreAudioSupport.swift in Sources */,
				10000000000000000000000F /* CoreAudioSystemTapGraph.swift in Sources */,
				10000000000000000000000A /* MicrophonePermission.swift in Sources */,
				100000000000000000000012 /* SystemAudioPermission.swift in Sources */,
				10000000000000000000000B /* MicrophoneCaptureService.swift in Sources */,
				100000000000000000000010 /* SystemAudioCaptureService.swift in Sources */,
				100000000000000000000011 /* DualTrackRecordingCoordinator.swift in Sources */,
				100000000000000000000007 /* CAudioRingBuffer.c in Sources */,
			);
			runOnlyForDeploymentPostprocessing = 0;
		};
		220000000000000000000002 /* Sources */ = {
			isa = PBXSourcesBuildPhase;
			buildActionMask = 2147483647;
			files = (
				100000000000000000000001 /* ScribeApp.swift in Sources */,
				100000000000000000000002 /* ContentView.swift in Sources */,
				10000000000000000000000C /* MeetingRecorderViewModel.swift in Sources */,
				100000000000000000000039 /* SessionLibraryLocation.swift in Sources */,
				10000000000000000000003A /* SessionFolderManager.swift in Sources */,
				10000000000000000000003B /* SessionArtifactPolicy.swift in Sources */,
				10000000000000000000003C /* SessionIndex.swift in Sources */,
				10000000000000000000003D /* SessionReconciler.swift in Sources */,
				10000000000000000000003E /* TranscriptArtifactWriter.swift in Sources */,
				10000000000000000000003F /* LegacySessionMigrator.swift in Sources */,
				100000000000000000000040 /* SessionLibraryMonitor.swift in Sources */,
			);
			runOnlyForDeploymentPostprocessing = 0;
		};
		220000000000000000000003 /* Sources */ = {
			isa = PBXSourcesBuildPhase;
			buildActionMask = 2147483647;
			files = (
				100000000000000000000014 /* SpeechTypes.swift in Sources */,
				100000000000000000000015 /* CanonicalWAVChunkReader.swift in Sources */,
				100000000000000000000016 /* BatchTranscriptionPipeline.swift in Sources */,
				100000000000000000000031 /* FluidAudioModelManager.swift in Sources */,
				100000000000000000000030 /* HuggingFaceIntegrityManifestResolver.swift in Sources */,
				100000000000000000000033 /* WhisperKitDependencyContract.swift in Sources */,
				100000000000000000000034 /* WhisperModel.swift in Sources */,
				100000000000000000000035 /* WhisperKitModelManager.swift in Sources */,
				100000000000000000000036 /* WhisperKitTranscriptionEngine.swift in Sources */,
				100000000000000000000037 /* ResidentTranscriptionEngineCoordinator.swift in Sources */,
				10000000000000000000001A /* ParakeetTranscriptionEngine.swift in Sources */,
				10000000000000000000001D /* LiveAudioTransport.swift in Sources */,
				10000000000000000000001E /* SileroVoiceActivityDetector.swift in Sources */,
				10000000000000000000001F /* LiveSpeechPipeline.swift in Sources */,
				100000000000000000000020 /* TranscriptOverlapDeduplicator.swift in Sources */,
				100000000000000000000021 /* LiveTranscriptionPipeline.swift in Sources */,
				100000000000000000000022 /* LivePipelineStatusText.swift in Sources */,
			);
			runOnlyForDeploymentPostprocessing = 0;
		};
		220000000000000000000004 /* Sources */ = {
			isa = PBXSourcesBuildPhase;
			buildActionMask = 2147483647;
			files = (
				100000000000000000000025 /* ModelDescriptor.swift in Sources */,
				100000000000000000000026 /* ModelCatalogue.swift in Sources */,
				10000000000000000000002A /* ModelStoragePaths.swift in Sources */,
				10000000000000000000002B /* ModelIntegrity.swift in Sources */,
				10000000000000000000002C /* ModelDownloadController.swift in Sources */,
				10000000000000000000002D /* ModelDiskAccounting.swift in Sources */,
				10000000000000000000002E /* ModelResourceSafety.swift in Sources */,
				10000000000000000000002F /* ManagedModelRegistry.swift in Sources */,
			);
			runOnlyForDeploymentPostprocessing = 0;
		};
/* End PBXSourcesBuildPhase section */

/* Begin PBXTargetDependency section */
		230000000000000000000001 /* PBXTargetDependency */ = {
			isa = PBXTargetDependency;
			target = 200000000000000000000001 /* AudioCapture */;
			targetProxy = 120000000000000000000001 /* PBXContainerItemProxy */;
		};
		230000000000000000000002 /* PBXTargetDependency */ = {
			isa = PBXTargetDependency;
			target = 200000000000000000000001 /* AudioCapture */;
			targetProxy = 120000000000000000000002 /* PBXContainerItemProxy */;
		};
		230000000000000000000003 /* PBXTargetDependency */ = {
			isa = PBXTargetDependency;
			target = 200000000000000000000003 /* SpeechPipeline */;
			targetProxy = 120000000000000000000003 /* PBXContainerItemProxy */;
		};
		230000000000000000000004 /* PBXTargetDependency */ = {
			isa = PBXTargetDependency;
			target = 200000000000000000000004 /* ModelManager */;
			targetProxy = 120000000000000000000004 /* PBXContainerItemProxy */;
		};
		230000000000000000000005 /* PBXTargetDependency */ = {
			isa = PBXTargetDependency;
			target = 200000000000000000000004 /* ModelManager */;
			targetProxy = 120000000000000000000005 /* PBXContainerItemProxy */;
		};
/* End PBXTargetDependency section */

/* Begin XCBuildConfiguration section */
		240000000000000000000001 /* Debug */ = {
			isa = XCBuildConfiguration;
			buildSettings = {
				ALWAYS_SEARCH_USER_PATHS = NO;
				ARCHS = arm64;
				CLANG_ANALYZER_NONNULL = YES;
				CLANG_ANALYZER_NUMBER_OBJECT_CONVERSION = YES_AGGRESSIVE;
				CLANG_CXX_LANGUAGE_STANDARD = "gnu++20";
				CLANG_ENABLE_MODULES = YES;
				CLANG_ENABLE_OBJC_ARC = YES;
				CLANG_WARN_BLOCK_CAPTURE_AUTORELEASING = YES;
				CLANG_WARN_BOOL_CONVERSION = YES;
				CLANG_WARN_COMMA = YES;
				CLANG_WARN_CONSTANT_CONVERSION = YES;
				CLANG_WARN_DEPRECATED_OBJC_IMPLEMENTATIONS = YES;
				CLANG_WARN_DIRECT_OBJC_ISA_USAGE = YES_ERROR;
				CLANG_WARN_DOCUMENTATION_COMMENTS = YES;
				CLANG_WARN_EMPTY_BODY = YES;
				CLANG_WARN_ENUM_CONVERSION = YES;
				CLANG_WARN_INFINITE_RECURSION = YES;
				CLANG_WARN_INT_CONVERSION = YES;
				CLANG_WARN_NON_LITERAL_NULL_CONVERSION = YES;
				CLANG_WARN_OBJC_IMPLICIT_RETAIN_SELF = YES;
				CLANG_WARN_OBJC_LITERAL_CONVERSION = YES;
				CLANG_WARN_QUOTED_INCLUDE_IN_FRAMEWORK_HEADER = YES;
				CLANG_WARN_RANGE_LOOP_ANALYSIS = YES;
				CLANG_WARN_STRICT_PROTOTYPES = YES;
				CLANG_WARN_SUSPICIOUS_MOVE = YES;
				CLANG_WARN_UNGUARDED_AVAILABILITY = YES_AGGRESSIVE;
				CLANG_WARN_UNREACHABLE_CODE = YES;
				COPY_PHASE_STRIP = NO;
				DEBUG_INFORMATION_FORMAT = dwarf;
				ENABLE_TESTABILITY = YES;
				GCC_C_LANGUAGE_STANDARD = gnu17;
				GCC_DYNAMIC_NO_PIC = NO;
				GCC_NO_COMMON_BLOCKS = YES;
				GCC_OPTIMIZATION_LEVEL = 0;
				GCC_PREPROCESSOR_DEFINITIONS = (
					"DEBUG=1",
					"$(inherited)",
				);
				GCC_WARN_64_TO_32_BIT_CONVERSION = YES;
				GCC_WARN_ABOUT_RETURN_TYPE = YES_ERROR;
				GCC_WARN_UNDECLARED_SELECTOR = YES;
				GCC_WARN_UNINITIALIZED_AUTOS = YES_AGGRESSIVE;
				GCC_WARN_UNUSED_FUNCTION = YES;
				GCC_WARN_UNUSED_VARIABLE = YES;
				LM_FILTER_WARNINGS = YES;
				MACOSX_DEPLOYMENT_TARGET = 26.0;
				MTL_ENABLE_DEBUG_INFO = INCLUDE_SOURCE;
				MTL_FAST_MATH = YES;
				ONLY_ACTIVE_ARCH = YES;
				SDKROOT = macosx;
				SWIFT_ACTIVE_COMPILATION_CONDITIONS = "DEBUG $(inherited)";
				SWIFT_OPTIMIZATION_LEVEL = "-Onone";
			};
			name = Debug;
		};
		240000000000000000000002 /* Release */ = {
			isa = XCBuildConfiguration;
			buildSettings = {
				ALWAYS_SEARCH_USER_PATHS = NO;
				ARCHS = arm64;
				CLANG_ANALYZER_NONNULL = YES;
				CLANG_ANALYZER_NUMBER_OBJECT_CONVERSION = YES_AGGRESSIVE;
				CLANG_CXX_LANGUAGE_STANDARD = "gnu++20";
				CLANG_ENABLE_MODULES = YES;
				CLANG_ENABLE_OBJC_ARC = YES;
				CLANG_WARN_BLOCK_CAPTURE_AUTORELEASING = YES;
				CLANG_WARN_BOOL_CONVERSION = YES;
				CLANG_WARN_COMMA = YES;
				CLANG_WARN_CONSTANT_CONVERSION = YES;
				CLANG_WARN_DEPRECATED_OBJC_IMPLEMENTATIONS = YES;
				CLANG_WARN_DIRECT_OBJC_ISA_USAGE = YES_ERROR;
				CLANG_WARN_DOCUMENTATION_COMMENTS = YES;
				CLANG_WARN_EMPTY_BODY = YES;
				CLANG_WARN_ENUM_CONVERSION = YES;
				CLANG_WARN_INFINITE_RECURSION = YES;
				CLANG_WARN_INT_CONVERSION = YES;
				CLANG_WARN_NON_LITERAL_NULL_CONVERSION = YES;
				CLANG_WARN_OBJC_IMPLICIT_RETAIN_SELF = YES;
				CLANG_WARN_OBJC_LITERAL_CONVERSION = YES;
				CLANG_WARN_QUOTED_INCLUDE_IN_FRAMEWORK_HEADER = YES;
				CLANG_WARN_RANGE_LOOP_ANALYSIS = YES;
				CLANG_WARN_STRICT_PROTOTYPES = YES;
				CLANG_WARN_SUSPICIOUS_MOVE = YES;
				CLANG_WARN_UNGUARDED_AVAILABILITY = YES_AGGRESSIVE;
				CLANG_WARN_UNREACHABLE_CODE = YES;
				COPY_PHASE_STRIP = NO;
				DEBUG_INFORMATION_FORMAT = "dwarf-with-dsym";
				ENABLE_NS_ASSERTIONS = NO;
				GCC_C_LANGUAGE_STANDARD = gnu17;
				GCC_NO_COMMON_BLOCKS = YES;
				GCC_WARN_64_TO_32_BIT_CONVERSION = YES;
				GCC_WARN_ABOUT_RETURN_TYPE = YES_ERROR;
				GCC_WARN_UNDECLARED_SELECTOR = YES;
				GCC_WARN_UNINITIALIZED_AUTOS = YES_AGGRESSIVE;
				GCC_WARN_UNUSED_FUNCTION = YES;
				GCC_WARN_UNUSED_VARIABLE = YES;
				LM_FILTER_WARNINGS = YES;
				MACOSX_DEPLOYMENT_TARGET = 26.0;
				MTL_ENABLE_DEBUG_INFO = NO;
				MTL_FAST_MATH = YES;
				SDKROOT = macosx;
				SWIFT_COMPILATION_MODE = wholemodule;
			};
			name = Release;
		};
		240000000000000000000003 /* Debug */ = {
			isa = XCBuildConfiguration;
			buildSettings = {
				CLANG_ENABLE_MODULES = YES;
				DEFINES_MODULE = YES;
				DYLIB_COMPATIBILITY_VERSION = 1;
				DYLIB_CURRENT_VERSION = 1;
				DYLIB_INSTALL_NAME_BASE = "@rpath";
				GENERATE_INFOPLIST_FILE = YES;
				HEADER_SEARCH_PATHS = "$(SRCROOT)/Sources/CAudioRingBuffer/include";
				INSTALL_PATH = "$(LOCAL_LIBRARY_DIR)/Frameworks";
				MODULEMAP_FILE = "";
				PRODUCT_BUNDLE_IDENTIFIER = com.localfirst.Scribe.AudioCapture;
				PRODUCT_NAME = "$(TARGET_NAME)";
				SKIP_INSTALL = YES;
				SWIFT_EMIT_LOC_STRINGS = YES;
				SWIFT_OBJC_BRIDGING_HEADER = "Sources/AudioCapture/AudioCapture-Bridging-Header.h";
				SWIFT_STRICT_CONCURRENCY = complete;
				SWIFT_UPCOMING_FEATURE_EXISTENTIAL_ANY = YES;
				SWIFT_VERSION = 6.0;
			};
			name = Debug;
		};
		240000000000000000000004 /* Release */ = {
			isa = XCBuildConfiguration;
			buildSettings = {
				CLANG_ENABLE_MODULES = YES;
				DEFINES_MODULE = YES;
				DYLIB_COMPATIBILITY_VERSION = 1;
				DYLIB_CURRENT_VERSION = 1;
				DYLIB_INSTALL_NAME_BASE = "@rpath";
				GENERATE_INFOPLIST_FILE = YES;
				HEADER_SEARCH_PATHS = "$(SRCROOT)/Sources/CAudioRingBuffer/include";
				INSTALL_PATH = "$(LOCAL_LIBRARY_DIR)/Frameworks";
				PRODUCT_BUNDLE_IDENTIFIER = com.localfirst.Scribe.AudioCapture;
				PRODUCT_NAME = "$(TARGET_NAME)";
				SKIP_INSTALL = YES;
				SWIFT_EMIT_LOC_STRINGS = YES;
				SWIFT_OBJC_BRIDGING_HEADER = "Sources/AudioCapture/AudioCapture-Bridging-Header.h";
				SWIFT_STRICT_CONCURRENCY = complete;
				SWIFT_UPCOMING_FEATURE_EXISTENTIAL_ANY = YES;
				SWIFT_VERSION = 6.0;
			};
			name = Release;
		};
		240000000000000000000005 /* Debug */ = {
			isa = XCBuildConfiguration;
			buildSettings = {
				CODE_SIGN_ENTITLEMENTS = ScribeApp/Scribe.entitlements;
				CODE_SIGN_STYLE = Automatic;
				CURRENT_PROJECT_VERSION = 1;
				ENABLE_APP_SANDBOX = NO;
				ENABLE_HARDENED_RUNTIME = YES;
				GENERATE_INFOPLIST_FILE = NO;
				INFOPLIST_FILE = ScribeApp/Info.plist;
				LD_RUNPATH_SEARCH_PATHS = (
					"$(inherited)",
					"@executable_path/../Frameworks",
				);
				MARKETING_VERSION = 0.1.0;
				PRODUCT_BUNDLE_IDENTIFIER = com.localfirst.Scribe;
				PRODUCT_NAME = "$(TARGET_NAME)";
				SWIFT_EMIT_LOC_STRINGS = YES;
				SWIFT_STRICT_CONCURRENCY = complete;
				SWIFT_UPCOMING_FEATURE_EXISTENTIAL_ANY = YES;
				SWIFT_VERSION = 6.0;
			};
			name = Debug;
		};
		240000000000000000000006 /* Release */ = {
			isa = XCBuildConfiguration;
			buildSettings = {
				CODE_SIGN_ENTITLEMENTS = ScribeApp/Scribe.entitlements;
				CODE_SIGN_STYLE = Automatic;
				CURRENT_PROJECT_VERSION = 1;
				ENABLE_APP_SANDBOX = NO;
				ENABLE_HARDENED_RUNTIME = YES;
				GENERATE_INFOPLIST_FILE = NO;
				INFOPLIST_FILE = ScribeApp/Info.plist;
				LD_RUNPATH_SEARCH_PATHS = (
					"$(inherited)",
					"@executable_path/../Frameworks",
				);
				MARKETING_VERSION = 0.1.0;
				PRODUCT_BUNDLE_IDENTIFIER = com.localfirst.Scribe;
				PRODUCT_NAME = "$(TARGET_NAME)";
				SWIFT_EMIT_LOC_STRINGS = YES;
				SWIFT_STRICT_CONCURRENCY = complete;
				SWIFT_UPCOMING_FEATURE_EXISTENTIAL_ANY = YES;
				SWIFT_VERSION = 6.0;
			};
			name = Release;
		};
		240000000000000000000007 /* Debug */ = {
			isa = XCBuildConfiguration;
			buildSettings = {
				CLANG_ENABLE_MODULES = YES;
				DEFINES_MODULE = YES;
				DYLIB_COMPATIBILITY_VERSION = 1;
				DYLIB_CURRENT_VERSION = 1;
				DYLIB_INSTALL_NAME_BASE = "@rpath";
				GENERATE_INFOPLIST_FILE = YES;
				INSTALL_PATH = "$(LOCAL_LIBRARY_DIR)/Frameworks";
				PRODUCT_BUNDLE_IDENTIFIER = com.localfirst.Scribe.SpeechPipeline;
				PRODUCT_NAME = "$(TARGET_NAME)";
				SKIP_INSTALL = YES;
				SWIFT_EMIT_LOC_STRINGS = YES;
				SWIFT_STRICT_CONCURRENCY = complete;
				SWIFT_UPCOMING_FEATURE_EXISTENTIAL_ANY = YES;
				SWIFT_VERSION = 6.0;
			};
			name = Debug;
		};
		240000000000000000000008 /* Release */ = {
			isa = XCBuildConfiguration;
			buildSettings = {
				CLANG_ENABLE_MODULES = YES;
				DEFINES_MODULE = YES;
				DYLIB_COMPATIBILITY_VERSION = 1;
				DYLIB_CURRENT_VERSION = 1;
				DYLIB_INSTALL_NAME_BASE = "@rpath";
				GENERATE_INFOPLIST_FILE = YES;
				INSTALL_PATH = "$(LOCAL_LIBRARY_DIR)/Frameworks";
				PRODUCT_BUNDLE_IDENTIFIER = com.localfirst.Scribe.SpeechPipeline;
				PRODUCT_NAME = "$(TARGET_NAME)";
				SKIP_INSTALL = YES;
				SWIFT_EMIT_LOC_STRINGS = YES;
				SWIFT_STRICT_CONCURRENCY = complete;
				SWIFT_UPCOMING_FEATURE_EXISTENTIAL_ANY = YES;
				SWIFT_VERSION = 6.0;
			};
			name = Release;
		};
		240000000000000000000009 /* Debug */ = {
			isa = XCBuildConfiguration;
			buildSettings = {
				CLANG_ENABLE_MODULES = YES;
				DEFINES_MODULE = YES;
				DYLIB_COMPATIBILITY_VERSION = 1;
				DYLIB_CURRENT_VERSION = 1;
				DYLIB_INSTALL_NAME_BASE = "@rpath";
				GENERATE_INFOPLIST_FILE = YES;
				INSTALL_PATH = "$(LOCAL_LIBRARY_DIR)/Frameworks";
				PRODUCT_BUNDLE_IDENTIFIER = com.localfirst.Scribe.ModelManager;
				PRODUCT_NAME = "$(TARGET_NAME)";
				SKIP_INSTALL = YES;
				SWIFT_EMIT_LOC_STRINGS = YES;
				SWIFT_STRICT_CONCURRENCY = complete;
				SWIFT_UPCOMING_FEATURE_EXISTENTIAL_ANY = YES;
				SWIFT_VERSION = 6.0;
			};
			name = Debug;
		};
		24000000000000000000000A /* Release */ = {
			isa = XCBuildConfiguration;
			buildSettings = {
				CLANG_ENABLE_MODULES = YES;
				DEFINES_MODULE = YES;
				DYLIB_COMPATIBILITY_VERSION = 1;
				DYLIB_CURRENT_VERSION = 1;
				DYLIB_INSTALL_NAME_BASE = "@rpath";
				GENERATE_INFOPLIST_FILE = YES;
				INSTALL_PATH = "$(LOCAL_LIBRARY_DIR)/Frameworks";
				PRODUCT_BUNDLE_IDENTIFIER = com.localfirst.Scribe.ModelManager;
				PRODUCT_NAME = "$(TARGET_NAME)";
				SKIP_INSTALL = YES;
				SWIFT_EMIT_LOC_STRINGS = YES;
				SWIFT_STRICT_CONCURRENCY = complete;
				SWIFT_UPCOMING_FEATURE_EXISTENTIAL_ANY = YES;
				SWIFT_VERSION = 6.0;
			};
			name = Release;
		};
/* End XCBuildConfiguration section */

/* Begin XCConfigurationList section */
		210000000000000000000001 /* Build configuration list for PBXProject "Scribe" */ = {
			isa = XCConfigurationList;
			buildConfigurations = (
				240000000000000000000001 /* Debug */,
				240000000000000000000002 /* Release */,
			);
			defaultConfigurationIsVisible = 0;
			defaultConfigurationName = Release;
		};
		210000000000000000000002 /* Build configuration list for PBXNativeTarget "AudioCapture" */ = {
			isa = XCConfigurationList;
			buildConfigurations = (
				240000000000000000000003 /* Debug */,
				240000000000000000000004 /* Release */,
			);
			defaultConfigurationIsVisible = 0;
			defaultConfigurationName = Release;
		};
		210000000000000000000003 /* Build configuration list for PBXNativeTarget "Scribe" */ = {
			isa = XCConfigurationList;
			buildConfigurations = (
				240000000000000000000005 /* Debug */,
				240000000000000000000006 /* Release */,
			);
			defaultConfigurationIsVisible = 0;
			defaultConfigurationName = Release;
		};
		210000000000000000000004 /* Build configuration list for PBXNativeTarget "SpeechPipeline" */ = {
			isa = XCConfigurationList;
			buildConfigurations = (
				240000000000000000000007 /* Debug */,
				240000000000000000000008 /* Release */,
			);
			defaultConfigurationIsVisible = 0;
			defaultConfigurationName = Release;
		};
		210000000000000000000005 /* Build configuration list for PBXNativeTarget "ModelManager" */ = {
			isa = XCConfigurationList;
			buildConfigurations = (
				240000000000000000000009 /* Debug */,
				24000000000000000000000A /* Release */,
			);
			defaultConfigurationIsVisible = 0;
			defaultConfigurationName = Release;
		};
/* End XCConfigurationList section */

/* Begin XCRemoteSwiftPackageReference section */
		500000000000000000000001 /* XCRemoteSwiftPackageReference "FluidAudio" */ = {
			isa = XCRemoteSwiftPackageReference;
			repositoryURL = "https://github.com/FluidInference/FluidAudio.git";
			requirement = {
				kind = exactVersion;
				version = 0.15.5;
			};
		};
		500000000000000000000002 /* XCRemoteSwiftPackageReference "argmax-oss-swift" */ = {
			isa = XCRemoteSwiftPackageReference;
			repositoryURL = "https://github.com/argmaxinc/argmax-oss-swift.git";
			requirement = {
				kind = exactVersion;
				version = 1.0.0;
			};
		};
		500000000000000000000003 /* XCRemoteSwiftPackageReference "GRDB.swift" */ = {
			isa = XCRemoteSwiftPackageReference;
			repositoryURL = "https://github.com/groue/GRDB.swift.git";
			requirement = {
				kind = exactVersion;
				version = 7.11.1;
			};
		};
/* End XCRemoteSwiftPackageReference section */

/* Begin XCSwiftPackageProductDependency section */
		510000000000000000000001 /* FluidAudio */ = {
			isa = XCSwiftPackageProductDependency;
			package = 500000000000000000000001 /* XCRemoteSwiftPackageReference "FluidAudio" */;
			productName = FluidAudio;
		};
		510000000000000000000002 /* WhisperKit */ = {
			isa = XCSwiftPackageProductDependency;
			package = 500000000000000000000002 /* XCRemoteSwiftPackageReference "argmax-oss-swift" */;
			productName = WhisperKit;
		};
		510000000000000000000003 /* GRDB */ = {
			isa = XCSwiftPackageProductDependency;
			package = 500000000000000000000003 /* XCRemoteSwiftPackageReference "GRDB.swift" */;
			productName = GRDB;
		};
/* End XCSwiftPackageProductDependency section */
	};
	rootObject = 300000000000000000000001 /* Project object */;
}
